
Microsoft Visual Studio Solution File, Format Version 12.00
# Visual Studio Version 16
VisualStudioVersion = 16.0.31624.102
MinimumVisualStudioVersion = 10.0.40219.1
Project("{FAE04EC0-301F-11D3-BF4B-00C04F79EFBC}") = "youtube-dl-gui", "youtube-dl-gui\youtube-dl-gui.csproj", "{92512DE6-B6EE-4042-9DFA-97F9449BC998}"
EndProject
Project("{FAE04EC0-301F-11D3-BF4B-00C04F79EFBC}") = "youtube-dl-gui-updater", "youtube-dl-gui-updater\youtube-dl-gui-updater.csproj", "{A2764A32-330B-482F-85B0-62D72793C3A0}"
EndProject
Project("{2150E333-8FDC-42A3-9474-1A3956D46DE8}") = "Solution Items", "Solution Items", "{71D880B8-8870-41FD-92CE-B811A4461D41}"
	ProjectSection(SolutionItems) = preProject
		LICENSE = LICENSE
		README.MD = README.MD
	EndProjectSection
EndProject
Project("{2150E333-8FDC-42A3-9474-1A3956D46DE8}") = "Languages", "Languages", "{DD30229F-1AD3-4677-AAA6-D3C9E1D93487}"
	ProjectSection(SolutionItems) = preProject
		Languages\Arabic.ini = Languages\Arabic.ini
		Languages\Brazilian_Portuguese.ini = Languages\Brazilian_Portuguese.ini
		Languages\Dutch.ini = Languages\Dutch.ini
		Languages\English.ini = Languages\English.ini
		Languages\French.ini = Languages\French.ini
		Languages\German.ini = Languages\German.ini
		Languages\Italian.ini = Languages\Italian.ini
		Languages\Japanese.ini = Languages\Japanese.ini
		Languages\Russian.ini = Languages\Russian.ini
		Languages\Spanish.ini = Languages\Spanish.ini
	EndProjectSection
EndProject
Global
	GlobalSection(SolutionConfigurationPlatforms) = preSolution
		Debug|Any CPU = Debug|Any CPU
		Release|Any CPU = Release|Any CPU
	EndGlobalSection
	GlobalSection(ProjectConfigurationPlatforms) = postSolution
		{92512DE6-B6EE-4042-9DFA-97F9449BC998}.Debug|Any CPU.ActiveCfg = Debug|Any CPU
		{92512DE6-B6EE-4042-9DFA-97F9449BC998}.Debug|Any CPU.Build.0 = Debug|Any CPU
		{92512DE6-B6EE-4042-9DFA-97F9449BC998}.Release|Any CPU.ActiveCfg = Release|Any CPU
		{92512DE6-B6EE-4042-9DFA-97F9449BC998}.Release|Any CPU.Build.0 = Release|Any CPU
		{92512DE6-B6EE-4042-9DFA-97F9449BC998}.Release|Any CPU.Deploy.0 = Release|Any CPU
		{A2764A32-330B-482F-85B0-62D72793C3A0}.Debug|Any CPU.ActiveCfg = Debug|Any CPU
		{A2764A32-330B-482F-85B0-62D72793C3A0}.Debug|Any CPU.Build.0 = Debug|Any CPU
		{A2764A32-330B-482F-85B0-62D72793C3A0}.Release|Any CPU.ActiveCfg = Release|Any CPU
		{A2764A32-330B-482F-85B0-62D72793C3A0}.Release|Any CPU.Build.0 = Release|Any CPU
	EndGlobalSection
	GlobalSection(SolutionProperties) = preSolution
		HideSolutionNode = FALSE
	EndGlobalSection
	GlobalSection(ExtensibilityGlobals) = postSolution
		SolutionGuid = {0604EAD6-0D2D-4660-AB8C-8043E05EB3C7}
	EndGlobalSection
EndGlobal
